
Microsoft Visual Studio Solution File, Format Version 12.00
# Visual Studio Version 16
VisualStudioVersion = 16.0.30611.23
MinimumVisualStudioVersion = 10.0.40219.1
Project("{8BC9CEB8-8B4A-11D0-8D11-00A0C91BC942}") = "计算立方体长宽高", "计算立方体长宽高\计算立方体长宽高.vcxproj", "{1E5F23CF-18D2-4DCF-8266-2AA4EA4EA3CB}"
EndProject
Global
	GlobalSection(SolutionConfigurationPlatforms) = preSolution
		Debug|x64 = Debug|x64
		Debug|x86 = Debug|x86
		Release|x64 = Release|x64
		Release|x86 = Release|x86
	EndGlobalSection
	GlobalSection(ProjectConfigurationPlatforms) = postSolution
		{1E5F23CF-18D2-4DCF-8266-2AA4EA4EA3CB}.Debug|x64.ActiveCfg = Debug|x64
		{1E5F23CF-18D2-4DCF-8266-2AA4EA4EA3CB}.Debug|x64.Build.0 = Debug|x64
		{1E5F23CF-18D2-4DCF-8266-2AA4EA4EA3CB}.Debug|x86.ActiveCfg = Debug|Win32
		{1E5F23CF-18D2-4DCF-8266-2AA4EA4EA3CB}.Debug|x86.Build.0 = Debug|Win32
		{1E5F23CF-18D2-4DCF-8266-2AA4EA4EA3CB}.Release|x64.ActiveCfg = Release|x64
		{1E5F23CF-18D2-4DCF-8266-2AA4EA4EA3CB}.Release|x64.Build.0 = Release|x64
		{1E5F23CF-18D2-4DCF-8266-2AA4EA4EA3CB}.Release|x86.ActiveCfg = Release|Win32
		{1E5F23CF-18D2-4DCF-8266-2AA4EA4EA3CB}.Release|x86.Build.0 = Release|Win32
	EndGlobalSection
	GlobalSection(SolutionProperties) = preSolution
		HideSolutionNode = FALSE
	EndGlobalSection
	GlobalSection(ExtensibilityGlobals) = postSolution
		SolutionGuid = {58C11424-3190-4A70-A8DB-89C172E96514}
	EndGlobalSection
EndGlobal
